
Microsoft Visual Studio Solution File, Format Version 12.00
# Visual Studio 2012
Project("{FAE04EC0-301F-11D3-BF4B-00C04F79EFBC}") = "iOStst", "iOStst\iOStst.csproj", "{779B27A2-4AAA-475C-8959-ABF67AA55058}"
EndProject
Project("{2150E333-8FDC-42A3-9474-1A3956D46DE8}") = "Bundle", "Bundle", "{AFA99CAC-EE00-4FB3-AC2E-121D5818DC77}"
EndProject
Project("{2150E333-8FDC-42A3-9474-1A3956D46DE8}") = "App", "App", "{2AA45996-6301-4A82-B426-F7B0608BFFC2}"
EndProject
Project("{2150E333-8FDC-42A3-9474-1A3956D46DE8}") = "Core", "Core", "{D4BECF5B-6C79-4B2B-A1DC-2F663B721685}"
EndProject
Project("{2150E333-8FDC-42A3-9474-1A3956D46DE8}") = "iOS", "iOS", "{7537D479-BE2A-4C9E-9629-EA2EA08C0001}"
EndProject
Project("{FAE04EC0-301F-11D3-BF4B-00C04F79EFBC}") = "Plugin2", "Man\Plugin2\Plugin2.csproj", "{E71F0FCE-196F-418B-B169-288A10ED88C1}"
EndProject
Project("{FAE04EC0-301F-11D3-BF4B-00C04F79EFBC}") = "Plugin1", "Man\Plugin1\Plugin1.csproj", "{AAB33D41-7C28-4BF4-9549-F1BF6672C17E}"
EndProject
Project("{FAE04EC0-301F-11D3-BF4B-00C04F79EFBC}") = "Man", "Man\Man.csproj", "{82012FF3-ADB7-48EA-AF6A-90B83B7A83B2}"
EndProject
Global
	GlobalSection(SolutionConfigurationPlatforms) = preSolution
		Debug|iPhoneSimulator = Debug|iPhoneSimulator
		Release|iPhone = Release|iPhone
		Release|iPhoneSimulator = Release|iPhoneSimulator
		Debug|iPhone = Debug|iPhone
	EndGlobalSection
	GlobalSection(ProjectConfigurationPlatforms) = postSolution
		{779B27A2-4AAA-475C-8959-ABF67AA55058}.Debug|iPhoneSimulator.ActiveCfg = Debug|iPhoneSimulator
		{779B27A2-4AAA-475C-8959-ABF67AA55058}.Debug|iPhoneSimulator.Build.0 = Debug|iPhoneSimulator
		{779B27A2-4AAA-475C-8959-ABF67AA55058}.Release|iPhone.ActiveCfg = Release|iPhone
		{779B27A2-4AAA-475C-8959-ABF67AA55058}.Release|iPhone.Build.0 = Release|iPhone
		{779B27A2-4AAA-475C-8959-ABF67AA55058}.Release|iPhoneSimulator.ActiveCfg = Release|iPhoneSimulator
		{779B27A2-4AAA-475C-8959-ABF67AA55058}.Release|iPhoneSimulator.Build.0 = Release|iPhoneSimulator
		{779B27A2-4AAA-475C-8959-ABF67AA55058}.Debug|iPhone.ActiveCfg = Debug|iPhone
		{779B27A2-4AAA-475C-8959-ABF67AA55058}.Debug|iPhone.Build.0 = Debug|iPhone
		{E71F0FCE-196F-418B-B169-288A10ED88C1}.Debug|iPhoneSimulator.ActiveCfg = Debug|Any CPU
		{E71F0FCE-196F-418B-B169-288A10ED88C1}.Debug|iPhoneSimulator.Build.0 = Debug|Any CPU
		{E71F0FCE-196F-418B-B169-288A10ED88C1}.Release|iPhone.ActiveCfg = Release|Any CPU
		{E71F0FCE-196F-418B-B169-288A10ED88C1}.Release|iPhone.Build.0 = Release|Any CPU
		{E71F0FCE-196F-418B-B169-288A10ED88C1}.Release|iPhoneSimulator.ActiveCfg = Release|Any CPU
		{E71F0FCE-196F-418B-B169-288A10ED88C1}.Release|iPhoneSimulator.Build.0 = Release|Any CPU
		{E71F0FCE-196F-418B-B169-288A10ED88C1}.Debug|iPhone.ActiveCfg = Debug|Any CPU
		{E71F0FCE-196F-418B-B169-288A10ED88C1}.Debug|iPhone.Build.0 = Debug|Any CPU
		{A46E2860-6137-4CF8-819D-F832EB635CD3}.Debug|iPhoneSimulator.ActiveCfg = Debug|Any CPU
		{A46E2860-6137-4CF8-819D-F832EB635CD3}.Debug|iPhoneSimulator.Build.0 = Debug|Any CPU
		{A46E2860-6137-4CF8-819D-F832EB635CD3}.Release|iPhone.ActiveCfg = Release|Any CPU
		{A46E2860-6137-4CF8-819D-F832EB635CD3}.Release|iPhone.Build.0 = Release|Any CPU
		{A46E2860-6137-4CF8-819D-F832EB635CD3}.Release|iPhoneSimulator.ActiveCfg = Release|Any CPU
		{A46E2860-6137-4CF8-819D-F832EB635CD3}.Release|iPhoneSimulator.Build.0 = Release|Any CPU
		{A46E2860-6137-4CF8-819D-F832EB635CD3}.Debug|iPhone.ActiveCfg = Debug|Any CPU
		{A46E2860-6137-4CF8-819D-F832EB635CD3}.Debug|iPhone.Build.0 = Debug|Any CPU
		{AAB33D41-7C28-4BF4-9549-F1BF6672C17E}.Debug|iPhoneSimulator.ActiveCfg = Debug|Any CPU
		{AAB33D41-7C28-4BF4-9549-F1BF6672C17E}.Debug|iPhoneSimulator.Build.0 = Debug|Any CPU
		{AAB33D41-7C28-4BF4-9549-F1BF6672C17E}.Release|iPhone.ActiveCfg = Release|Any CPU
		{AAB33D41-7C28-4BF4-9549-F1BF6672C17E}.Release|iPhone.Build.0 = Release|Any CPU
		{AAB33D41-7C28-4BF4-9549-F1BF6672C17E}.Release|iPhoneSimulator.ActiveCfg = Release|Any CPU
		{AAB33D41-7C28-4BF4-9549-F1BF6672C17E}.Release|iPhoneSimulator.Build.0 = Release|Any CPU
		{AAB33D41-7C28-4BF4-9549-F1BF6672C17E}.Debug|iPhone.ActiveCfg = Debug|Any CPU
		{AAB33D41-7C28-4BF4-9549-F1BF6672C17E}.Debug|iPhone.Build.0 = Debug|Any CPU
		{E49F35CB-79E7-4688-BCA3-CBFC46674791}.Debug|iPhoneSimulator.ActiveCfg = Debug|Any CPU
		{E49F35CB-79E7-4688-BCA3-CBFC46674791}.Debug|iPhoneSimulator.Build.0 = Debug|Any CPU
		{E49F35CB-79E7-4688-BCA3-CBFC46674791}.Release|iPhone.ActiveCfg = Release|Any CPU
		{E49F35CB-79E7-4688-BCA3-CBFC46674791}.Release|iPhone.Build.0 = Release|Any CPU
		{E49F35CB-79E7-4688-BCA3-CBFC46674791}.Release|iPhoneSimulator.ActiveCfg = Release|Any CPU
		{E49F35CB-79E7-4688-BCA3-CBFC46674791}.Release|iPhoneSimulator.Build.0 = Release|Any CPU
		{E49F35CB-79E7-4688-BCA3-CBFC46674791}.Debug|iPhone.ActiveCfg = Debug|Any CPU
		{E49F35CB-79E7-4688-BCA3-CBFC46674791}.Debug|iPhone.Build.0 = Debug|Any CPU
		{3018EB06-2EB8-4079-B46E-11968E289F08}.Debug|iPhoneSimulator.ActiveCfg = Debug|Any CPU
		{3018EB06-2EB8-4079-B46E-11968E289F08}.Debug|iPhoneSimulator.Build.0 = Debug|Any CPU
		{3018EB06-2EB8-4079-B46E-11968E289F08}.Release|iPhone.ActiveCfg = Release|Any CPU
		{3018EB06-2EB8-4079-B46E-11968E289F08}.Release|iPhone.Build.0 = Release|Any CPU
		{3018EB06-2EB8-4079-B46E-11968E289F08}.Release|iPhoneSimulator.ActiveCfg = Release|Any CPU
		{3018EB06-2EB8-4079-B46E-11968E289F08}.Release|iPhoneSimulator.Build.0 = Release|Any CPU
		{3018EB06-2EB8-4079-B46E-11968E289F08}.Debug|iPhone.ActiveCfg = Debug|Any CPU
		{3018EB06-2EB8-4079-B46E-11968E289F08}.Debug|iPhone.Build.0 = Debug|Any CPU
		{4048BB97-A486-431A-8125-86A1494AC786}.Debug|iPhoneSimulator.ActiveCfg = Debug|Any CPU
		{4048BB97-A486-431A-8125-86A1494AC786}.Debug|iPhoneSimulator.Build.0 = Debug|Any CPU
		{4048BB97-A486-431A-8125-86A1494AC786}.Release|iPhone.ActiveCfg = Release|Any CPU
		{4048BB97-A486-431A-8125-86A1494AC786}.Release|iPhone.Build.0 = Release|Any CPU
		{4048BB97-A486-431A-8125-86A1494AC786}.Release|iPhoneSimulator.ActiveCfg = Release|Any CPU
		{4048BB97-A486-431A-8125-86A1494AC786}.Release|iPhoneSimulator.Build.0 = Release|Any CPU
		{4048BB97-A486-431A-8125-86A1494AC786}.Debug|iPhone.ActiveCfg = Debug|Any CPU
		{4048BB97-A486-431A-8125-86A1494AC786}.Debug|iPhone.Build.0 = Debug|Any CPU
		{6C7418FA-76A3-44F9-A028-CA1BD0DBFA13}.Debug|iPhoneSimulator.ActiveCfg = Debug|Any CPU
		{6C7418FA-76A3-44F9-A028-CA1BD0DBFA13}.Debug|iPhoneSimulator.Build.0 = Debug|Any CPU
		{6C7418FA-76A3-44F9-A028-CA1BD0DBFA13}.Release|iPhone.ActiveCfg = Release|Any CPU
		{6C7418FA-76A3-44F9-A028-CA1BD0DBFA13}.Release|iPhone.Build.0 = Release|Any CPU
		{6C7418FA-76A3-44F9-A028-CA1BD0DBFA13}.Release|iPhoneSimulator.ActiveCfg = Release|Any CPU
		{6C7418FA-76A3-44F9-A028-CA1BD0DBFA13}.Release|iPhoneSimulator.Build.0 = Release|Any CPU
		{6C7418FA-76A3-44F9-A028-CA1BD0DBFA13}.Debug|iPhone.ActiveCfg = Debug|Any CPU
		{6C7418FA-76A3-44F9-A028-CA1BD0DBFA13}.Debug|iPhone.Build.0 = Debug|Any CPU
		{E378995C-0914-4254-A7B9-79F1269403F9}.Debug|iPhoneSimulator.ActiveCfg = Debug|Any CPU
		{E378995C-0914-4254-A7B9-79F1269403F9}.Debug|iPhoneSimulator.Build.0 = Debug|Any CPU
		{E378995C-0914-4254-A7B9-79F1269403F9}.Release|iPhone.ActiveCfg = Release|Any CPU
		{E378995C-0914-4254-A7B9-79F1269403F9}.Release|iPhone.Build.0 = Release|Any CPU
		{E378995C-0914-4254-A7B9-79F1269403F9}.Release|iPhoneSimulator.ActiveCfg = Release|Any CPU
		{E378995C-0914-4254-A7B9-79F1269403F9}.Release|iPhoneSimulator.Build.0 = Release|Any CPU
		{E378995C-0914-4254-A7B9-79F1269403F9}.Debug|iPhone.ActiveCfg = Debug|Any CPU
		{E378995C-0914-4254-A7B9-79F1269403F9}.Debug|iPhone.Build.0 = Debug|Any CPU
		{BA59BCCD-857D-4C22-8160-F4C7C0DD2517}.Debug|iPhoneSimulator.ActiveCfg = Debug|Any CPU
		{BA59BCCD-857D-4C22-8160-F4C7C0DD2517}.Debug|iPhoneSimulator.Build.0 = Debug|Any CPU
		{BA59BCCD-857D-4C22-8160-F4C7C0DD2517}.Release|iPhone.ActiveCfg = Release|Any CPU
		{BA59BCCD-857D-4C22-8160-F4C7C0DD2517}.Release|iPhone.Build.0 = Release|Any CPU
		{BA59BCCD-857D-4C22-8160-F4C7C0DD2517}.Release|iPhoneSimulator.ActiveCfg = Release|Any CPU
		{BA59BCCD-857D-4C22-8160-F4C7C0DD2517}.Release|iPhoneSimulator.Build.0 = Release|Any CPU
		{BA59BCCD-857D-4C22-8160-F4C7C0DD2517}.Debug|iPhone.ActiveCfg = Debug|Any CPU
		{BA59BCCD-857D-4C22-8160-F4C7C0DD2517}.Debug|iPhone.Build.0 = Debug|Any CPU
		{4FA2FE5F-4889-459A-8A31-ADBB01DB1415}.Debug|iPhoneSimulator.ActiveCfg = Debug|Any CPU
		{4FA2FE5F-4889-459A-8A31-ADBB01DB1415}.Debug|iPhoneSimulator.Build.0 = Debug|Any CPU
		{4FA2FE5F-4889-459A-8A31-ADBB01DB1415}.Release|iPhone.ActiveCfg = Release|Any CPU
		{4FA2FE5F-4889-459A-8A31-ADBB01DB1415}.Release|iPhone.Build.0 = Release|Any CPU
		{4FA2FE5F-4889-459A-8A31-ADBB01DB1415}.Release|iPhoneSimulator.ActiveCfg = Release|Any CPU
		{4FA2FE5F-4889-459A-8A31-ADBB01DB1415}.Release|iPhoneSimulator.Build.0 = Release|Any CPU
		{4FA2FE5F-4889-459A-8A31-ADBB01DB1415}.Debug|iPhone.ActiveCfg = Debug|Any CPU
		{4FA2FE5F-4889-459A-8A31-ADBB01DB1415}.Debug|iPhone.Build.0 = Debug|Any CPU
		{82012FF3-ADB7-48EA-AF6A-90B83B7A83B2}.Debug|iPhoneSimulator.ActiveCfg = Debug|Any CPU
		{82012FF3-ADB7-48EA-AF6A-90B83B7A83B2}.Debug|iPhoneSimulator.Build.0 = Debug|Any CPU
		{82012FF3-ADB7-48EA-AF6A-90B83B7A83B2}.Release|iPhone.ActiveCfg = Release|Any CPU
		{82012FF3-ADB7-48EA-AF6A-90B83B7A83B2}.Release|iPhone.Build.0 = Release|Any CPU
		{82012FF3-ADB7-48EA-AF6A-90B83B7A83B2}.Release|iPhoneSimulator.ActiveCfg = Release|Any CPU
		{82012FF3-ADB7-48EA-AF6A-90B83B7A83B2}.Release|iPhoneSimulator.Build.0 = Release|Any CPU
		{82012FF3-ADB7-48EA-AF6A-90B83B7A83B2}.Debug|iPhone.ActiveCfg = Debug|Any CPU
		{82012FF3-ADB7-48EA-AF6A-90B83B7A83B2}.Debug|iPhone.Build.0 = Debug|Any CPU
	EndGlobalSection
	GlobalSection(NestedProjects) = preSolution
		{779B27A2-4AAA-475C-8959-ABF67AA55058} = {7537D479-BE2A-4C9E-9629-EA2EA08C0001}
		{D4BECF5B-6C79-4B2B-A1DC-2F663B721685} = {2AA45996-6301-4A82-B426-F7B0608BFFC2}
		{7537D479-BE2A-4C9E-9629-EA2EA08C0001} = {2AA45996-6301-4A82-B426-F7B0608BFFC2}
		{0F89C7E9-E289-42A4-8200-60D5B1B522A9} = {AFA99CAC-EE00-4FB3-AC2E-121D5818DC77}
		{A46E2860-6137-4CF8-819D-F832EB635CD3} = {0F89C7E9-E289-42A4-8200-60D5B1B522A9}
		{6C7418FA-76A3-44F9-A028-CA1BD0DBFA13} = {AFA99CAC-EE00-4FB3-AC2E-121D5818DC77}
		{E49F35CB-79E7-4688-BCA3-CBFC46674791} = {0F89C7E9-E289-42A4-8200-60D5B1B522A9}
		{3018EB06-2EB8-4079-B46E-11968E289F08} = {0F89C7E9-E289-42A4-8200-60D5B1B522A9}
		{4048BB97-A486-431A-8125-86A1494AC786} = {0F89C7E9-E289-42A4-8200-60D5B1B522A9}
		{E378995C-0914-4254-A7B9-79F1269403F9} = {D4BECF5B-6C79-4B2B-A1DC-2F663B721685}
		{BA59BCCD-857D-4C22-8160-F4C7C0DD2517} = {D4BECF5B-6C79-4B2B-A1DC-2F663B721685}
		{4FA2FE5F-4889-459A-8A31-ADBB01DB1415} = {D4BECF5B-6C79-4B2B-A1DC-2F663B721685}
		{82012FF3-ADB7-48EA-AF6A-90B83B7A83B2} = {AFA99CAC-EE00-4FB3-AC2E-121D5818DC77}
	EndGlobalSection
EndGlobal
